// !$*UTF8*$!
{
	archiveVersion = 1;
	classes = {
	};
	objectVersion = 56;
	objects = {

/* Begin PBXBuildFile section */
		A000000001 /* XFeatONNXApp.swift in Sources */ = {isa = PBXBuildFile; fileRef = B000000001 /* XFeatONNXApp.swift */; };
		A000000002 /* ContentView.swift in Sources */ = {isa = PBXBuildFile; fileRef = B000000002 /* ContentView.swift */; };
		A000000003 /* Assets.xcassets in Resources */ = {isa = PBXBuildFile; fileRef = B000000003 /* Assets.xcassets */; };
		A000000004 /* MatcherViewModel.swift in Sources */ = {isa = PBXBuildFile; fileRef = B000000004 /* MatcherViewModel.swift */; };
		A000000005 /* XFeatMatcher.swift in Sources */ = {isa = PBXBuildFile; fileRef = B000000005 /* XFeatMatcher.swift */; };
		A000000006 /* ref.png in Resources */ = {isa = PBXBuildFile; fileRef = B000000006 /* ref.png */; };
		A000000011 /* reference_page.jpg in Resources */ = {isa = PBXBuildFile; fileRef = B000000011 /* reference_page.jpg */; };
		A000000007 /* tgt.png in Resources */ = {isa = PBXBuildFile; fileRef = B000000007 /* tgt.png */; };
		A000000008 /* xfeat_dense_600x800.onnx in Resources */ = {isa = PBXBuildFile; fileRef = B000000008 /* xfeat_dense_600x800.onnx */; };
		A000000009 /* matching_dense.onnx in Resources */ = {isa = PBXBuildFile; fileRef = B000000009 /* matching_dense.onnx */; };
		A000000010 /* RANSAC.swift in Sources */ = {isa = PBXBuildFile; fileRef = B000000010 /* RANSAC.swift */; };
		A43B6F0C713D9A0D4CD63724 /* Pods_XFeatONNX.framework in Frameworks */ = {isa = PBXBuildFile; fileRef = 95EB814749D623695E9F7173 /* Pods_XFeatONNX.framework */; };
/* End PBXBuildFile section */

/* Begin PBXFileReference section */
		4A67349935430536EE8CADC5 /* Pods-XFeatONNX.release.xcconfig */ = {isa = PBXFileReference; includeInIndex = 1; lastKnownFileType = text.xcconfig; name = "Pods-XFeatONNX.release.xcconfig"; path = "Target Support Files/Pods-XFeatONNX/Pods-XFeatONNX.release.xcconfig"; sourceTree = "<group>"; };
		5E4D0D62AE4247D9882C5A4B /* Pods-XFeatONNX.debug.xcconfig */ = {isa = PBXFileReference; includeInIndex = 1; lastKnownFileType = text.xcconfig; name = "Pods-XFeatONNX.debug.xcconfig"; path = "Target Support Files/Pods-XFeatONNX/Pods-XFeatONNX.debug.xcconfig"; sourceTree = "<group>"; };
		95EB814749D623695E9F7173 /* Pods_XFeatONNX.framework */ = {isa = PBXFileReference; explicitFileType = wrapper.framework; includeInIndex = 0; path = Pods_XFeatONNX.framework; sourceTree = BUILT_PRODUCTS_DIR; };
		B000000001 /* XFeatONNXApp.swift */ = {isa = PBXFileReference; lastKnownFileType = sourcecode.swift; path = XFeatONNXApp.swift; sourceTree = "<group>"; };
		B000000002 /* ContentView.swift */ = {isa = PBXFileReference; lastKnownFileType = sourcecode.swift; path = ContentView.swift; sourceTree = "<group>"; };
		B000000003 /* Assets.xcassets */ = {isa = PBXFileReference; lastKnownFileType = folder.assetcatalog; path = Assets.xcassets; sourceTree = "<group>"; };
		B000000004 /* MatcherViewModel.swift */ = {isa = PBXFileReference; lastKnownFileType = sourcecode.swift; path = MatcherViewModel.swift; sourceTree = "<group>"; };
		B000000005 /* XFeatMatcher.swift */ = {isa = PBXFileReference; lastKnownFileType = sourcecode.swift; path = XFeatMatcher.swift; sourceTree = "<group>"; };
		B000000006 /* ref.png */ = {isa = PBXFileReference; lastKnownFileType = image.png; path = ref.png; sourceTree = "<group>"; };
		B000000011 /* reference_page.jpg */ = {isa = PBXFileReference; lastKnownFileType = image.jpeg; path = reference_page.jpg; sourceTree = "<group>"; };
		B000000007 /* tgt.png */ = {isa = PBXFileReference; lastKnownFileType = image.png; path = tgt.png; sourceTree = "<group>"; };
		B000000008 /* xfeat_dense_600x800.onnx */ = {isa = PBXFileReference; lastKnownFileType = file; path = xfeat_dense_600x800.onnx; sourceTree = "<group>"; };
		B000000009 /* matching_dense.onnx */ = {isa = PBXFileReference; lastKnownFileType = file; path = matching_dense.onnx; sourceTree = "<group>"; };
		B000000010 /* RANSAC.swift */ = {isa = PBXFileReference; lastKnownFileType = sourcecode.swift; path = RANSAC.swift; sourceTree = "<group>"; };
		C000000001 /* XFeatONNX.app */ = {isa = PBXFileReference; explicitFileType = wrapper.application; includeInIndex = 0; path = XFeatONNX.app; sourceTree = BUILT_PRODUCTS_DIR; };
/* End PBXFileReference section */

/* Begin PBXFrameworksBuildPhase section */
		D000000001 /* Frameworks */ = {
			isa = PBXFrameworksBuildPhase;
			buildActionMask = 2147483647;
			files = (
				A43B6F0C713D9A0D4CD63724 /* Pods_XFeatONNX.framework in Frameworks */,
			);
			runOnlyForDeploymentPostprocessing = 0;
		};
/* End PBXFrameworksBuildPhase section */

/* Begin PBXGroup section */
		D70646E4BEBC6F0DBA802C93 /* Pods */ = {
			isa = PBXGroup;
			children = (
				5E4D0D62AE4247D9882C5A4B /* Pods-XFeatONNX.debug.xcconfig */,
				4A67349935430536EE8CADC5 /* Pods-XFeatONNX.release.xcconfig */,
			);
			path = Pods;
			sourceTree = "<group>";
		};
		E000000001 = {
			isa = PBXGroup;
			children = (
				E000000002 /* XFeatONNX */,
				E000000003 /* Products */,
				D70646E4BEBC6F0DBA802C93 /* Pods */,
				F5E29ED5E039D59F2B156092 /* Frameworks */,
			);
			sourceTree = "<group>";
		};
		E000000002 /* XFeatONNX */ = {
			isa = PBXGroup;
			children = (
				B000000001 /* XFeatONNXApp.swift */,
				B000000002 /* ContentView.swift */,
				B000000004 /* MatcherViewModel.swift */,
				B000000005 /* XFeatMatcher.swift */,
				B000000003 /* Assets.xcassets */,
				B000000006 /* ref.png */,
				B000000011 /* reference_page.jpg */,
				B000000007 /* tgt.png */,
				B000000008 /* xfeat_dense_600x800.onnx */,
				B000000009 /* matching_dense.onnx */,
				B000000010 /* RANSAC.swift */,
			);
			path = XFeatONNX;
			sourceTree = "<group>";
		};
		E000000003 /* Products */ = {
			isa = PBXGroup;
			children = (
				C000000001 /* XFeatONNX.app */,
			);
			name = Products;
			sourceTree = "<group>";
		};
		F5E29ED5E039D59F2B156092 /* Frameworks */ = {
			isa = PBXGroup;
			children = (
				95EB814749D623695E9F7173 /* Pods_XFeatONNX.framework */,
			);
			name = Frameworks;
			sourceTree = "<group>";
		};
/* End PBXGroup section */

/* Begin PBXNativeTarget section */
		F000000001 /* XFeatONNX */ = {
			isa = PBXNativeTarget;
			buildConfigurationList = G000000001 /* Build configuration list for PBXNativeTarget "XFeatONNX" */;
			buildPhases = (
				6CCFDC79409214062EB1F7D8 /* [CP] Check Pods Manifest.lock */,
				F000000002 /* Sources */,
				D000000001 /* Frameworks */,
				F000000003 /* Resources */,
			);
			buildRules = (
			);
			dependencies = (
			);
			name = XFeatONNX;
			productName = XFeatONNX;
			productReference = C000000001 /* XFeatONNX.app */;
			productType = "com.apple.product-type.application";
		};
/* End PBXNativeTarget section */

/* Begin PBXProject section */
		H000000001 /* Project object */ = {
			isa = PBXProject;
			attributes = {
				BuildIndependentTargetsInParallel = 1;
				LastSwiftUpdateCheck = 1500;
				LastUpgradeCheck = 1500;
				TargetAttributes = {
					F000000001 = {
						CreatedOnToolsVersion = 15.0;
					};
				};
			};
			buildConfigurationList = G000000002 /* Build configuration list for PBXProject "XFeatONNX" */;
			compatibilityVersion = "Xcode 14.0";
			developmentRegion = en;
			hasScannedForEncodings = 0;
			knownRegions = (
				en,
				Base,
			);
			mainGroup = E000000001;
			productRefGroup = E000000003 /* Products */;
			projectDirPath = "";
			projectRoot = "";
			targets = (
				F000000001 /* XFeatONNX */,
			);
		};
/* End PBXProject section */

/* Begin PBXResourcesBuildPhase section */
		F000000003 /* Resources */ = {
			isa = PBXResourcesBuildPhase;
			buildActionMask = 2147483647;
			files = (
				A000000003 /* Assets.xcassets in Resources */,
				A000000006 /* ref.png in Resources */,
				A000000011 /* reference_page.jpg in Resources */,
				A000000007 /* tgt.png in Resources */,
				A000000008 /* xfeat_dense_600x800.onnx in Resources */,
				A000000009 /* matching_dense.onnx in Resources */,
			);
			runOnlyForDeploymentPostprocessing = 0;
		};
/* End PBXResourcesBuildPhase section */

/* Begin PBXShellScriptBuildPhase section */
		6CCFDC79409214062EB1F7D8 /* [CP] Check Pods Manifest.lock */ = {
			isa = PBXShellScriptBuildPhase;
			buildActionMask = 2147483647;
			files = (
			);
			inputFileListPaths = (
			);
			inputPaths = (
				"${PODS_PODFILE_DIR_PATH}/Podfile.lock",
				"${PODS_ROOT}/Manifest.lock",
			);
			name = "[CP] Check Pods Manifest.lock";
			outputFileListPaths = (
			);
			outputPaths = (
				"$(DERIVED_FILE_DIR)/Pods-XFeatONNX-checkManifestLockResult.txt",
			);
			runOnlyForDeploymentPostprocessing = 0;
			shellPath = /bin/sh;
			shellScript = "diff \"${PODS_PODFILE_DIR_PATH}/Podfile.lock\" \"${PODS_ROOT}/Manifest.lock\" > /dev/null\nif [ $? != 0 ] ; then\n    # print error to STDERR\n    echo \"error: The sandbox is not in sync with the Podfile.lock. Run 'pod install' or update your CocoaPods installation.\" >&2\n    exit 1\nfi\n# This output is used by Xcode 'outputs' to avoid re-running this script phase.\necho \"SUCCESS\" > \"${SCRIPT_OUTPUT_FILE_0}\"\n";
			showEnvVarsInLog = 0;
		};
/* End PBXShellScriptBuildPhase section */

/* Begin PBXSourcesBuildPhase section */
		F000000002 /* Sources */ = {
			isa = PBXSourcesBuildPhase;
			buildActionMask = 2147483647;
			files = (
				A000000001 /* XFeatONNXApp.swift in Sources */,
				A000000002 /* ContentView.swift in Sources */,
				A000000004 /* MatcherViewModel.swift in Sources */,
				A000000005 /* XFeatMatcher.swift in Sources */,
				A000000010 /* RANSAC.swift in Sources */,
			);
			runOnlyForDeploymentPostprocessing = 0;
		};
/* End PBXSourcesBuildPhase section */

/* Begin XCBuildConfiguration section */
		I000000001 /* Debug */ = {
			isa = XCBuildConfiguration;
			buildSettings = {
				ALWAYS_SEARCH_USER_PATHS = NO;
				ASSETCATALOG_COMPILER_GENERATE_SWIFT_ASSET_SYMBOL_EXTENSIONS = YES;
				CLANG_ANALYZER_NONNULL = YES;
				CLANG_ANALYZER_NUMBER_OBJECT_CONVERSION = YES_AGGRESSIVE;
				CLANG_CXX_LANGUAGE_STANDARD = "gnu++20";
				CLANG_ENABLE_MODULES = YES;
				CLANG_ENABLE_OBJC_ARC = YES;
				CLANG_ENABLE_OBJC_WEAK = YES;
				CLANG_WARN_BLOCK_CAPTURE_AUTORELEASING = YES;
				CLANG_WARN_BOOL_CONVERSION = YES;
				CLANG_WARN_COMMA = YES;
				CLANG_WARN_CONSTANT_CONVERSION = YES;
				CLANG_WARN_DEPRECATED_OBJC_IMPLEMENTATIONS = YES;
				CLANG_WARN_DIRECT_OBJC_ISA_USAGE = YES_ERROR;
				CLANG_WARN_DOCUMENTATION_COMMENTS = YES;
				CLANG_WARN_EMPTY_BODY = YES;
				CLANG_WARN_ENUM_CONVERSION = YES;
				CLANG_WARN_INFINITE_RECURSION = YES;
				CLANG_WARN_INT_CONVERSION = YES;
				CLANG_WARN_NON_LITERAL_NULL_CONVERSION = YES;
				CLANG_WARN_OBJC_IMPLICIT_RETAIN_SELF = YES;
				CLANG_WARN_OBJC_LITERAL_CONVERSION = YES;
				CLANG_WARN_OBJC_ROOT_CLASS = YES_ERROR;
				CLANG_WARN_QUOTED_INCLUDE_IN_FRAMEWORK_HEADER = YES;
				CLANG_WARN_RANGE_LOOP_ANALYSIS = YES;
				CLANG_WARN_STRICT_PROTOTYPES = YES;
				CLANG_WARN_SUSPICIOUS_MOVE = YES;
				CLANG_WARN_UNGUARDED_AVAILABILITY = YES_AGGRESSIVE;
				CLANG_WARN_UNREACHABLE_CODE = YES;
				CLANG_WARN__DUPLICATE_METHOD_MATCH = YES;
				COPY_PHASE_STRIP = NO;
				DEBUG_INFORMATION_FORMAT = dwarf;
				ENABLE_STRICT_OBJC_MSGSEND = YES;
				ENABLE_TESTABILITY = YES;
				ENABLE_USER_SCRIPT_SANDBOXING = YES;
				GCC_C_LANGUAGE_STANDARD = gnu17;
				GCC_DYNAMIC_NO_PIC = NO;
				GCC_NO_COMMON_BLOCKS = YES;
				GCC_OPTIMIZATION_LEVEL = 0;
				GCC_PREPROCESSOR_DEFINITIONS = (
					"DEBUG=1",
					"$(inherited)",
				);
				GCC_WARN_64_TO_32_BIT_CONVERSION = YES;
				GCC_WARN_ABOUT_RETURN_TYPE = YES_ERROR;
				GCC_WARN_UNDECLARED_SELECTOR = YES;
				GCC_WARN_UNINITIALIZED_AUTOS = YES_AGGRESSIVE;
				GCC_WARN_UNUSED_FUNCTION = YES;
				GCC_WARN_UNUSED_VARIABLE = YES;
				IPHONEOS_DEPLOYMENT_TARGET = 15.0;
				LOCALIZATION_PREFERS_STRING_CATALOGS = YES;
				MTL_ENABLE_DEBUG_INFO = INCLUDE_SOURCE;
				MTL_FAST_MATH = YES;
				ONLY_ACTIVE_ARCH = YES;
				SDKROOT = iphoneos;
				SWIFT_ACTIVE_COMPILATION_CONDITIONS = "DEBUG $(inherited)";
				SWIFT_OPTIMIZATION_LEVEL = "-Onone";
			};
			name = Debug;
		};
		I000000002 /* Release */ = {
			isa = XCBuildConfiguration;
			buildSettings = {
				ALWAYS_SEARCH_USER_PATHS = NO;
				ASSETCATALOG_COMPILER_GENERATE_SWIFT_ASSET_SYMBOL_EXTENSIONS = YES;
				CLANG_ANALYZER_NONNULL = YES;
				CLANG_ANALYZER_NUMBER_OBJECT_CONVERSION = YES_AGGRESSIVE;
				CLANG_CXX_LANGUAGE_STANDARD = "gnu++20";
				CLANG_ENABLE_MODULES = YES;
				CLANG_ENABLE_OBJC_ARC = YES;
				CLANG_ENABLE_OBJC_WEAK = YES;
				CLANG_WARN_BLOCK_CAPTURE_AUTORELEASING = YES;
				CLANG_WARN_BOOL_CONVERSION = YES;
				CLANG_WARN_COMMA = YES;
				CLANG_WARN_CONSTANT_CONVERSION = YES;
				CLANG_WARN_DEPRECATED_OBJC_IMPLEMENTATIONS = YES;
				CLANG_WARN_DIRECT_OBJC_ISA_USAGE = YES_ERROR;
				CLANG_WARN_DOCUMENTATION_COMMENTS = YES;
				CLANG_WARN_EMPTY_BODY = YES;
				CLANG_WARN_ENUM_CONVERSION = YES;
				CLANG_WARN_INFINITE_RECURSION = YES;
				CLANG_WARN_INT_CONVERSION = YES;
				CLANG_WARN_NON_LITERAL_NULL_CONVERSION = YES;
				CLANG_WARN_OBJC_IMPLICIT_RETAIN_SELF = YES;
				CLANG_WARN_OBJC_LITERAL_CONVERSION = YES;
				CLANG_WARN_OBJC_ROOT_CLASS = YES_ERROR;
				CLANG_WARN_QUOTED_INCLUDE_IN_FRAMEWORK_HEADER = YES;
				CLANG_WARN_RANGE_LOOP_ANALYSIS = YES;
				CLANG_WARN_STRICT_PROTOTYPES = YES;
				CLANG_WARN_SUSPICIOUS_MOVE = YES;
				CLANG_WARN_UNGUARDED_AVAILABILITY = YES_AGGRESSIVE;
				CLANG_WARN_UNREACHABLE_CODE = YES;
				CLANG_WARN__DUPLICATE_METHOD_MATCH = YES;
				COPY_PHASE_STRIP = NO;
				DEBUG_INFORMATION_FORMAT = "dwarf-with-dsym";
				ENABLE_NS_ASSERTIONS = NO;
				ENABLE_STRICT_OBJC_MSGSEND = YES;
				ENABLE_USER_SCRIPT_SANDBOXING = YES;
				GCC_C_LANGUAGE_STANDARD = gnu17;
				GCC_NO_COMMON_BLOCKS = YES;
				GCC_WARN_64_TO_32_BIT_CONVERSION = YES;
				GCC_WARN_ABOUT_RETURN_TYPE = YES_ERROR;
				GCC_WARN_UNDECLARED_SELECTOR = YES;
				GCC_WARN_UNINITIALIZED_AUTOS = YES_AGGRESSIVE;
				GCC_WARN_UNUSED_FUNCTION = YES;
				GCC_WARN_UNUSED_VARIABLE = YES;
				IPHONEOS_DEPLOYMENT_TARGET = 15.0;
				LOCALIZATION_PREFERS_STRING_CATALOGS = YES;
				MTL_ENABLE_DEBUG_INFO = NO;
				MTL_FAST_MATH = YES;
				SDKROOT = iphoneos;
				SWIFT_COMPILATION_MODE = wholemodule;
				VALIDATE_PRODUCT = YES;
			};
			name = Release;
		};
		I000000003 /* Debug */ = {
			isa = XCBuildConfiguration;
			baseConfigurationReference = 5E4D0D62AE4247D9882C5A4B /* Pods-XFeatONNX.debug.xcconfig */;
			buildSettings = {
				ASSETCATALOG_COMPILER_APPICON_NAME = AppIcon;
				ASSETCATALOG_COMPILER_GLOBAL_ACCENT_COLOR_NAME = AccentColor;
				CODE_SIGN_STYLE = Automatic;
				CURRENT_PROJECT_VERSION = 1;
				DEVELOPMENT_ASSET_PATHS = "";
				DEVELOPMENT_TEAM = LACPKF3B7D;
				ENABLE_PREVIEWS = YES;
				GENERATE_INFOPLIST_FILE = YES;
				INFOPLIST_KEY_UIApplicationSceneManifest_Generation = YES;
				INFOPLIST_KEY_UIApplicationSupportsIndirectInputEvents = YES;
				INFOPLIST_KEY_UILaunchScreen_Generation = YES;
				INFOPLIST_KEY_NSPhotoLibraryUsageDescription = "Need access to photo library for selecting images";
				INFOPLIST_KEY_NSCameraUsageDescription = "Need access to camera for capturing target images";
				INFOPLIST_KEY_UISupportedInterfaceOrientations_iPad = "UIInterfaceOrientationPortrait UIInterfaceOrientationPortraitUpsideDown UIInterfaceOrientationLandscapeLeft UIInterfaceOrientationLandscapeRight";
				INFOPLIST_KEY_UISupportedInterfaceOrientations_iPhone = "UIInterfaceOrientationPortrait UIInterfaceOrientationLandscapeLeft UIInterfaceOrientationLandscapeRight";
				LD_RUNPATH_SEARCH_PATHS = (
					"$(inherited)",
					"@executable_path/Frameworks",
				);
				MARKETING_VERSION = 1.0;
				PRODUCT_BUNDLE_IDENTIFIER = com.xfeat.onnx.demo;
				PRODUCT_NAME = "$(TARGET_NAME)";
				SWIFT_EMIT_LOC_STRINGS = YES;
				SWIFT_VERSION = 5.0;
				TARGETED_DEVICE_FAMILY = "1,2";
			};
			name = Debug;
		};
		I000000004 /* Release */ = {
			isa = XCBuildConfiguration;
			baseConfigurationReference = 4A67349935430536EE8CADC5 /* Pods-XFeatONNX.release.xcconfig */;
			buildSettings = {
				ASSETCATALOG_COMPILER_APPICON_NAME = AppIcon;
				ASSETCATALOG_COMPILER_GLOBAL_ACCENT_COLOR_NAME = AccentColor;
				CODE_SIGN_STYLE = Automatic;
				CURRENT_PROJECT_VERSION = 1;
				DEVELOPMENT_ASSET_PATHS = "";
				DEVELOPMENT_TEAM = LACPKF3B7D;
				ENABLE_PREVIEWS = YES;
				GENERATE_INFOPLIST_FILE = YES;
				INFOPLIST_KEY_UIApplicationSceneManifest_Generation = YES;
				INFOPLIST_KEY_UIApplicationSupportsIndirectInputEvents = YES;
				INFOPLIST_KEY_UILaunchScreen_Generation = YES;
				INFOPLIST_KEY_NSPhotoLibraryUsageDescription = "Need access to photo library for selecting images";
				INFOPLIST_KEY_UISupportedInterfaceOrientations_iPad = "UIInterfaceOrientationPortrait UIInterfaceOrientationPortraitUpsideDown UIInterfaceOrientationLandscapeLeft UIInterfaceOrientationLandscapeRight";
				INFOPLIST_KEY_UISupportedInterfaceOrientations_iPhone = "UIInterfaceOrientationPortrait UIInterfaceOrientationLandscapeLeft UIInterfaceOrientationLandscapeRight";
				LD_RUNPATH_SEARCH_PATHS = (
					"$(inherited)",
					"@executable_path/Frameworks",
				);
				MARKETING_VERSION = 1.0;
				PRODUCT_BUNDLE_IDENTIFIER = com.xfeat.onnx.demo;
				PRODUCT_NAME = "$(TARGET_NAME)";
				SWIFT_EMIT_LOC_STRINGS = YES;
				SWIFT_VERSION = 5.0;
				TARGETED_DEVICE_FAMILY = "1,2";
			};
			name = Release;
		};
/* End XCBuildConfiguration section */

/* Begin XCConfigurationList section */
		G000000001 /* Build configuration list for PBXNativeTarget "XFeatONNX" */ = {
			isa = XCConfigurationList;
			buildConfigurations = (
				I000000003 /* Debug */,
				I000000004 /* Release */,
			);
			defaultConfigurationIsVisible = 0;
			defaultConfigurationName = Release;
		};
		G000000002 /* Build configuration list for PBXProject "XFeatONNX" */ = {
			isa = XCConfigurationList;
			buildConfigurations = (
				I000000001 /* Debug */,
				I000000002 /* Release */,
			);
			defaultConfigurationIsVisible = 0;
			defaultConfigurationName = Release;
		};
/* End XCConfigurationList section */
	};
	rootObject = H000000001 /* Project object */;
}
